
Microsoft Visual Studio Solution File, Format Version 12.00
# Visual Studio 2012
Project("{FAE04EC0-301F-11D3-BF4B-00C04F79EFBC}") = "TCRunMain", "TCRunMain\TCRunMain.csproj", "{7E8F2228-43A1-4C24-B8A8-AE2641D5E3EB}"
EndProject
Global
	GlobalSection(SolutionConfigurationPlatforms) = preSolution
		Debug|Any CPU = Debug|Any CPU
		Release|Any CPU = Release|Any CPU
	EndGlobalSection
	GlobalSection(ProjectConfigurationPlatforms) = postSolution
		{7E8F2228-43A1-4C24-B8A8-AE2641D5E3EB}.Debug|Any CPU.ActiveCfg = Debug|Any CPU
		{7E8F2228-43A1-4C24-B8A8-AE2641D5E3EB}.Debug|Any CPU.Build.0 = Debug|Any CPU
		{7E8F2228-43A1-4C24-B8A8-AE2641D5E3EB}.Release|Any CPU.ActiveCfg = Release|Any CPU
		{7E8F2228-43A1-4C24-B8A8-AE2641D5E3EB}.Release|Any CPU.Build.0 = Release|Any CPU
	EndGlobalSection
	GlobalSection(SolutionProperties) = preSolution
		HideSolutionNode = FALSE
	EndGlobalSection
EndGlobal
